
Microsoft Visual Studio Solution File, Format Version 12.00
# Visual Studio 14
VisualStudioVersion = 14.0.24720.0
MinimumVisualStudioVersion = 10.0.40219.1
Project("{FAE04EC0-301F-11D3-BF4B-00C04F79EFBC}") = "MovieStreaming", "MovieScreaming\MovieStreaming.csproj", "{BFE1EE15-98AF-44D9-A4DE-C088627C3B3B}"
EndProject
Project("{FAE04EC0-301F-11D3-BF4B-00C04F79EFBC}") = "MovieStreaming.Remote", "MovieStreaming.Remote\MovieStreaming.Remote.csproj", "{FBC06562-B154-4C40-B7FB-04105C9BC8FD}"
EndProject
Project("{FAE04EC0-301F-11D3-BF4B-00C04F79EFBC}") = "MovieStreaming.Common", "MovieStreaming.Common\MovieStreaming.Common.csproj", "{DA0A6D24-2AC1-42B0-B25F-445970C05EE2}"
EndProject
Global
	GlobalSection(SolutionConfigurationPlatforms) = preSolution
		Debug|Any CPU = Debug|Any CPU
		Release|Any CPU = Release|Any CPU
	EndGlobalSection
	GlobalSection(ProjectConfigurationPlatforms) = postSolution
		{BFE1EE15-98AF-44D9-A4DE-C088627C3B3B}.Debug|Any CPU.ActiveCfg = Debug|Any CPU
		{BFE1EE15-98AF-44D9-A4DE-C088627C3B3B}.Debug|Any CPU.Build.0 = Debug|Any CPU
		{BFE1EE15-98AF-44D9-A4DE-C088627C3B3B}.Release|Any CPU.ActiveCfg = Release|Any CPU
		{BFE1EE15-98AF-44D9-A4DE-C088627C3B3B}.Release|Any CPU.Build.0 = Release|Any CPU
		{FBC06562-B154-4C40-B7FB-04105C9BC8FD}.Debug|Any CPU.ActiveCfg = Debug|Any CPU
		{FBC06562-B154-4C40-B7FB-04105C9BC8FD}.Debug|Any CPU.Build.0 = Debug|Any CPU
		{FBC06562-B154-4C40-B7FB-04105C9BC8FD}.Release|Any CPU.ActiveCfg = Release|Any CPU
		{FBC06562-B154-4C40-B7FB-04105C9BC8FD}.Release|Any CPU.Build.0 = Release|Any CPU
		{DA0A6D24-2AC1-42B0-B25F-445970C05EE2}.Debug|Any CPU.ActiveCfg = Debug|Any CPU
		{DA0A6D24-2AC1-42B0-B25F-445970C05EE2}.Debug|Any CPU.Build.0 = Debug|Any CPU
		{DA0A6D24-2AC1-42B0-B25F-445970C05EE2}.Release|Any CPU.ActiveCfg = Release|Any CPU
		{DA0A6D24-2AC1-42B0-B25F-445970C05EE2}.Release|Any CPU.Build.0 = Release|Any CPU
	EndGlobalSection
	GlobalSection(SolutionProperties) = preSolution
		HideSolutionNode = FALSE
	EndGlobalSection
EndGlobal
